<?xml version="1.0" encoding="utf-8"?>
<Project ToolsVersion="4.0" xmlns="http://schemas.microsoft.com/developer/msbuild/2003">
  <ItemGroup>
    <Filter Include="kdtree">
      <UniqueIdentifier>{ce3b19b5-b3a9-4851-9dc0-23492f1d68bb}</UniqueIdentifier>
    </Filter>
    <Filter Include="log">
      <UniqueIdentifier>{8087c44e-d4eb-4ea8-97fc-2198e52df5fe}</UniqueIdentifier>
    </Filter>
    <Filter Include="unit_test">
      <UniqueIdentifier>{82d336e7-d959-44d3-ae15-49750d48d864}</UniqueIdentifier>
    </Filter>
    <Filter Include="texture">
      <UniqueIdentifier>{16bfbb7a-fcba-4675-ba2e-047feef35900}</UniqueIdentifier>
    </Filter>
    <Filter Include="mesh">
      <UniqueIdentifier>{d073ad94-2de8-4390-998f-55e3d43e7dea}</UniqueIdentifier>
    </Filter>
    <Filter Include="base">
      <UniqueIdentifier>{278917d3-f625-4da7-89c8-e575e4b7341f}</UniqueIdentifier>
    </Filter>
    <Filter Include="object">
      <UniqueIdentifier>{f1de045f-6d29-49fb-b230-635f424cd6fa}</UniqueIdentifier>
    </Filter>
    <Filter Include="lib">
      <UniqueIdentifier>{82210f70-f04b-4a7e-95e9-d9c0cf00ec8a}</UniqueIdentifier>
    </Filter>
    <Filter Include="raytrace">
      <UniqueIdentifier>{b4696dd3-a8ae-48e6-a3f0-aa7d90970503}</UniqueIdentifier>
    </Filter>
    <Filter Include="parse_model">
      <UniqueIdentifier>{55cd3767-1b8c-4ba7-8d06-71d1d87d1ada}</UniqueIdentifier>
    </Filter>
  </ItemGroup>
  <ItemGroup>
    <ClCompile Include="kdtree.cpp">
      <Filter>kdtree</Filter>
    </ClCompile>
    <ClCompile Include="Log.cpp">
      <Filter>log</Filter>
    </ClCompile>
    <ClCompile Include="small_test.cpp">
      <Filter>unit_test</Filter>
    </ClCompile>
    <ClCompile Include="texture.cpp">
      <Filter>texture</Filter>
    </ClCompile>
    <ClCompile Include="mesh.cpp">
      <Filter>mesh</Filter>
    </ClCompile>
    <ClCompile Include="vector.cpp">
      <Filter>base</Filter>
    </ClCompile>
    <ClCompile Include="vertex.cpp">
      <Filter>base</Filter>
    </ClCompile>
    <ClCompile Include="Point.cpp">
      <Filter>base</Filter>
    </ClCompile>
    <ClCompile Include="matrix.cpp">
      <Filter>base</Filter>
    </ClCompile>
    <ClCompile Include="color.cpp">
      <Filter>base</Filter>
    </ClCompile>
    <ClCompile Include="Shape.cpp">
      <Filter>object</Filter>
    </ClCompile>
    <ClCompile Include="BBox.cpp">
      <Filter>object</Filter>
    </ClCompile>
    <ClCompile Include="Primitive.cpp">
      <Filter>object</Filter>
    </ClCompile>
    <ClCompile Include="rand48\rand48.c">
      <Filter>lib</Filter>
    </ClCompile>
    <ClCompile Include="lodepng\lodepng.cpp">
      <Filter>lib</Filter>
    </ClCompile>
    <ClCompile Include="tiny_obj_loader\tiny_obj_loader.cc">
      <Filter>lib</Filter>
    </ClCompile>
    <ClCompile Include="Ray.cpp">
      <Filter>raytrace</Filter>
    </ClCompile>
    <ClCompile Include="RayTracer.cpp">
      <Filter>raytrace</Filter>
    </ClCompile>
    <ClCompile Include="scene.cpp">
      <Filter>raytrace</Filter>
    </ClCompile>
    <ClCompile Include="sampler.cpp">
      <Filter>raytrace</Filter>
    </ClCompile>
    <ClCompile Include="light.cpp">
      <Filter>raytrace</Filter>
    </ClCompile>
    <ClCompile Include="material.cpp">
      <Filter>texture</Filter>
    </ClCompile>
    <ClCompile Include="image.cpp">
      <Filter>texture</Filter>
    </ClCompile>
    <ClCompile Include="camera.cpp">
      <Filter>raytrace</Filter>
    </ClCompile>
    <ClCompile Include="canvas.cpp">
      <Filter>raytrace</Filter>
    </ClCompile>
    <ClCompile Include="film.cpp">
      <Filter>raytrace</Filter>
    </ClCompile>
    <ClCompile Include="BRDF.cpp">
      <Filter>texture</Filter>
    </ClCompile>
    <ClCompile Include="readfile.cpp">
      <Filter>parse_model</Filter>
    </ClCompile>
    <ClCompile Include="variables.cpp">
      <Filter>raytrace</Filter>
    </ClCompile>
    <ClCompile Include="main.cpp">
      <Filter>raytrace</Filter>
    </ClCompile>
  </ItemGroup>
  <ItemGroup>
    <ClInclude Include="kdtree.h">
      <Filter>kdtree</Filter>
    </ClInclude>
    <ClInclude Include="Log.h">
      <Filter>log</Filter>
    </ClInclude>
    <ClInclude Include="small_test.h">
      <Filter>unit_test</Filter>
    </ClInclude>
    <ClInclude Include="texture.h">
      <Filter>texture</Filter>
    </ClInclude>
    <ClInclude Include="mesh.h">
      <Filter>mesh</Filter>
    </ClInclude>
    <ClInclude Include="vector.h">
      <Filter>base</Filter>
    </ClInclude>
    <ClInclude Include="vertex.h">
      <Filter>base</Filter>
    </ClInclude>
    <ClInclude Include="Point.h">
      <Filter>base</Filter>
    </ClInclude>
    <ClInclude Include="math.h">
      <Filter>base</Filter>
    </ClInclude>
    <ClInclude Include="foundation.h">
      <Filter>base</Filter>
    </ClInclude>
    <ClInclude Include="color.h">
      <Filter>base</Filter>
    </ClInclude>
    <ClInclude Include="matrix.h">
      <Filter>base</Filter>
    </ClInclude>
    <ClInclude Include="Shape.h">
      <Filter>object</Filter>
    </ClInclude>
    <ClInclude Include="BBox.h">
      <Filter>object</Filter>
    </ClInclude>
    <ClInclude Include="FreeImage.h">
      <Filter>lib</Filter>
    </ClInclude>
    <ClInclude Include="Primitive.h">
      <Filter>object</Filter>
    </ClInclude>
    <ClInclude Include="rand48\erand48.h">
      <Filter>lib</Filter>
    </ClInclude>
    <ClInclude Include="lodepng\lodepng.h">
      <Filter>lib</Filter>
    </ClInclude>
    <ClInclude Include="tiny_obj_loader\tiny_obj_loader.h">
      <Filter>lib</Filter>
    </ClInclude>
    <ClInclude Include="Ray.h">
      <Filter>raytrace</Filter>
    </ClInclude>
    <ClInclude Include="RayTracer.h">
      <Filter>raytrace</Filter>
    </ClInclude>
    <ClInclude Include="scene.h">
      <Filter>raytrace</Filter>
    </ClInclude>
    <ClInclude Include="sampler.h">
      <Filter>raytrace</Filter>
    </ClInclude>
    <ClInclude Include="light.h">
      <Filter>raytrace</Filter>
    </ClInclude>
    <ClInclude Include="material.h">
      <Filter>texture</Filter>
    </ClInclude>
    <ClInclude Include="image.h">
      <Filter>texture</Filter>
    </ClInclude>
    <ClInclude Include="camera.h">
      <Filter>raytrace</Filter>
    </ClInclude>
    <ClInclude Include="canvas.h">
      <Filter>raytrace</Filter>
    </ClInclude>
    <ClInclude Include="film.h">
      <Filter>raytrace</Filter>
    </ClInclude>
    <ClInclude Include="BRDF.h">
      <Filter>texture</Filter>
    </ClInclude>
    <ClInclude Include="readfile.h">
      <Filter>parse_model</Filter>
    </ClInclude>
    <ClInclude Include="variables.h">
      <Filter>raytrace</Filter>
    </ClInclude>
  </ItemGroup>
</Project>